// !$*UTF8*$!
{
	archiveVersion = 1;
	classes = {
	};
	objectVersion = 46;
	objects = {

/* Begin PBXBuildFile section */
		9BEA38391B4AD8D30076E090 /* AppDelegate.swift in Sources */ = {isa = PBXBuildFile; fileRef = 9BEA38381B4AD8D30076E090 /* AppDelegate.swift */; };
		9BEA383B1B4AD8D30076E090 /* ViewController.swift in Sources */ = {isa = PBXBuildFile; fileRef = 9BEA383A1B4AD8D30076E090 /* ViewController.swift */; };
		9BEA383E1B4AD8D30076E090 /* Main.storyboard in Resources */ = {isa = PBXBuildFile; fileRef = 9BEA383C1B4AD8D30076E090 /* Main.storyboard */; };
		9BEA38401B4AD8D30076E090 /* Images.xcassets in Resources */ = {isa = PBXBuildFile; fileRef = 9BEA383F1B4AD8D30076E090 /* Images.xcassets */; };
		9BEA38431B4AD8D30076E090 /* LaunchScreen.xib in Resources */ = {isa = PBXBuildFile; fileRef = 9BEA38411B4AD8D30076E090 /* LaunchScreen.xib */; };
		9BEA384F1B4AD8D30076E090 /* TheoPrac2Tests.swift in Sources */ = {isa = PBXBuildFile; fileRef = 9BEA384E1B4AD8D30076E090 /* TheoPrac2Tests.swift */; };
/* End PBXBuildFile section */

/* Begin PBXContainerItemProxy section */
		9BEA38491B4AD8D30076E090 /* PBXContainerItemProxy */ = {
			isa = PBXContainerItemProxy;
			containerPortal = 9BEA382B1B4AD8D30076E090 /* Project object */;
			proxyType = 1;
			remoteGlobalIDString = 9BEA38321B4AD8D30076E090;
			remoteInfo = TheoPrac2;
		};
/* End PBXContainerItemProxy section */

/* Begin PBXFileReference section */
		9BEA38331B4AD8D30076E090 /* TheoPrac2.app */ = {isa = PBXFileReference; explicitFileType = wrapper.application; includeInIndex = 0; path = TheoPrac2.app; sourceTree = BUILT_PRODUCTS_DIR; };
		9BEA38371B4AD8D30076E090 /* Info.plist */ = {isa = PBXFileReference; lastKnownFileType = text.plist.xml; path = Info.plist; sourceTree = "<group>"; };
		9BEA38381B4AD8D30076E090 /* AppDelegate.swift */ = {isa = PBXFileReference; lastKnownFileType = sourcecode.swift; path = AppDelegate.swift; sourceTree = "<group>"; };
		9BEA383A1B4AD8D30076E090 /* ViewController.swift */ = {isa = PBXFileReference; lastKnownFileType = sourcecode.swift; path = ViewController.swift; sourceTree = "<group>"; };
		9BEA383D1B4AD8D30076E090 /* Base */ = {isa = PBXFileReference; lastKnownFileType = file.storyboard; name = Base; path = Base.lproj/Main.storyboard; sourceTree = "<group>"; };
		9BEA383F1B4AD8D30076E090 /* Images.xcassets */ = {isa = PBXFileReference; lastKnownFileType = folder.assetcatalog; path = Images.xcassets; sourceTree = "<group>"; };
		9BEA38421B4AD8D30076E090 /* Base */ = {isa = PBXFileReference; lastKnownFileType = file.xib; name = Base; path = Base.lproj/LaunchScreen.xib; sourceTree = "<group>"; };
		9BEA38481B4AD8D30076E090 /* TheoPrac2Tests.xctest */ = {isa = PBXFileReference; explicitFileType = wrapper.cfbundle; includeInIndex = 0; path = TheoPrac2Tests.xctest; sourceTree = BUILT_PRODUCTS_DIR; };
		9BEA384D1B4AD8D30076E090 /* Info.plist */ = {isa = PBXFileReference; lastKnownFileType = text.plist.xml; path = Info.plist; sourceTree = "<group>"; };
		9BEA384E1B4AD8D30076E090 /* TheoPrac2Tests.swift */ = {isa = PBXFileReference; lastKnownFileType = sourcecode.swift; path = TheoPrac2Tests.swift; sourceTree = "<group>"; };
/* End PBXFileReference section */

/* Begin PBXFrameworksBuildPhase section */
		9BEA38301B4AD8D30076E090 /* Frameworks */ = {
			isa = PBXFrameworksBuildPhase;
			buildActionMask = 2147483647;
			files = (
			);
			runOnlyForDeploymentPostprocessing = 0;
		};
		9BEA38451B4AD8D30076E090 /* Frameworks */ = {
			isa = PBXFrameworksBuildPhase;
			buildActionMask = 2147483647;
			files = (
			);
			runOnlyForDeploymentPostprocessing = 0;
		};
/* End PBXFrameworksBuildPhase section */

/* Begin PBXGroup section */
		9BEA382A1B4AD8D30076E090 = {
			isa = PBXGroup;
			children = (
				9BEA38351B4AD8D30076E090 /* TheoPrac2 */,
				9BEA384B1B4AD8D30076E090 /* TheoPrac2Tests */,
				9BEA38341B4AD8D30076E090 /* Products */,
			);
			sourceTree = "<group>";
		};
		9BEA38341B4AD8D30076E090 /* Products */ = {
			isa = PBXGroup;
			children = (
				9BEA38331B4AD8D30076E090 /* TheoPrac2.app */,
				9BEA38481B4AD8D30076E090 /* TheoPrac2Tests.xctest */,
			);
			name = Products;
			sourceTree = "<group>";
		};
		9BEA38351B4AD8D30076E090 /* TheoPrac2 */ = {
			isa = PBXGroup;
			children = (
				9BEA38381B4AD8D30076E090 /* AppDelegate.swift */,
				9BEA383A1B4AD8D30076E090 /* ViewController.swift */,
				9BEA383C1B4AD8D30076E090 /* Main.storyboard */,
				9BEA383F1B4AD8D30076E090 /* Images.xcassets */,
				9BEA38411B4AD8D30076E090 /* LaunchScreen.xib */,
				9BEA38361B4AD8D30076E090 /* Supporting Files */,
			);
			path = TheoPrac2;
			sourceTree = "<group>";
		};
		9BEA38361B4AD8D30076E090 /* Supporting Files */ = {
			isa = PBXGroup;
			children = (
				9BEA38371B4AD8D30076E090 /* Info.plist */,
			);
			name = "Supporting Files";
			sourceTree = "<group>";
		};
		9BEA384B1B4AD8D30076E090 /* TheoPrac2Tests */ = {
			isa = PBXGroup;
			children = (
				9BEA384E1B4AD8D30076E090 /* TheoPrac2Tests.swift */,
				9BEA384C1B4AD8D30076E090 /* Supporting Files */,
			);
			path = TheoPrac2Tests;
			sourceTree = "<group>";
		};
		9BEA384C1B4AD8D30076E090 /* Supporting Files */ = {
			isa = PBXGroup;
			children = (
				9BEA384D1B4AD8D30076E090 /* Info.plist */,
			);
			name = "Supporting Files";
			sourceTree = "<group>";
		};
/* End PBXGroup section */

/* Begin PBXNativeTarget section */
		9BEA38321B4AD8D30076E090 /* TheoPrac2 */ = {
			isa = PBXNativeTarget;
			buildConfigurationList = 9BEA38521B4AD8D30076E090 /* Build configuration list for PBXNativeTarget "TheoPrac2" */;
			buildPhases = (
				9BEA382F1B4AD8D30076E090 /* Sources */,
				9BEA38301B4AD8D30076E090 /* Frameworks */,
				9BEA38311B4AD8D30076E090 /* Resources */,
			);
			buildRules = (
			);
			dependencies = (
			);
			name = TheoPrac2;
			productName = TheoPrac2;
			productReference = 9BEA38331B4AD8D30076E090 /* TheoPrac2.app */;
			productType = "com.apple.product-type.application";
		};
		9BEA38471B4AD8D30076E090 /* TheoPrac2Tests */ = {
			isa = PBXNativeTarget;
			buildConfigurationList = 9BEA38551B4AD8D30076E090 /* Build configuration list for PBXNativeTarget "TheoPrac2Tests" */;
			buildPhases = (
				9BEA38441B4AD8D30076E090 /* Sources */,
				9BEA38451B4AD8D30076E090 /* Frameworks */,
				9BEA38461B4AD8D30076E090 /* Resources */,
			);
			buildRules = (
			);
			dependencies = (
				9BEA384A1B4AD8D30076E090 /* PBXTargetDependency */,
			);
			name = TheoPrac2Tests;
			productName = TheoPrac2Tests;
			productReference = 9BEA38481B4AD8D30076E090 /* TheoPrac2Tests.xctest */;
			productType = "com.apple.product-type.bundle.unit-test";
		};
/* End PBXNativeTarget section */

/* Begin PBXProject section */
		9BEA382B1B4AD8D30076E090 /* Project object */ = {
			isa = PBXProject;
			attributes = {
				LastUpgradeCheck = 0630;
				ORGANIZATIONNAME = "Imee Cuison";
				TargetAttributes = {
					9BEA38321B4AD8D30076E090 = {
						CreatedOnToolsVersion = 6.3.2;
					};
					9BEA38471B4AD8D30076E090 = {
						CreatedOnToolsVersion = 6.3.2;
						TestTargetID = 9BEA38321B4AD8D30076E090;
					};
				};
			};
			buildConfigurationList = 9BEA382E1B4AD8D30076E090 /* Build configuration list for PBXProject "TheoPrac2" */;
			compatibilityVersion = "Xcode 3.2";
			developmentRegion = English;
			hasScannedForEncodings = 0;
			knownRegions = (
				en,
				Base,
			);
			mainGroup = 9BEA382A1B4AD8D30076E090;
			productRefGroup = 9BEA38341B4AD8D30076E090 /* Products */;
			projectDirPath = "";
			projectRoot = "";
			targets = (
				9BEA38321B4AD8D30076E090 /* TheoPrac2 */,
				9BEA38471B4AD8D30076E090 /* TheoPrac2Tests */,
			);
		};
/* End PBXProject section */

/* Begin PBXResourcesBuildPhase section */
		9BEA38311B4AD8D30076E090 /* Resources */ = {
			isa = PBXResourcesBuildPhase;
			buildActionMask = 2147483647;
			files = (
				9BEA383E1B4AD8D30076E090 /* Main.storyboard in Resources */,
				9BEA38431B4AD8D30076E090 /* LaunchScreen.xib in Resources */,
				9BEA38401B4AD8D30076E090 /* Images.xcassets in Resources */,
			);
			runOnlyForDeploymentPostprocessing = 0;
		};
		9BEA38461B4AD8D30076E090 /* Resources */ = {
			isa = PBXResourcesBuildPhase;
			buildActionMask = 2147483647;
			files = (
			);
			runOnlyForDeploymentPostprocessing = 0;
		};
/* End PBXResourcesBuildPhase section */

/* Begin PBXSourcesBuildPhase section */
		9BEA382F1B4AD8D30076E090 /* Sources */ = {
			isa = PBXSourcesBuildPhase;
			buildActionMask = 2147483647;
			files = (
				9BEA383B1B4AD8D30076E090 /* ViewController.swift in Sources */,
				9BEA38391B4AD8D30076E090 /* AppDelegate.swift in Sources */,
			);
			runOnlyForDeploymentPostprocessing = 0;
		};
		9BEA38441B4AD8D30076E090 /* Sources */ = {
			isa = PBXSourcesBuildPhase;
			buildActionMask = 2147483647;
			files = (
				9BEA384F1B4AD8D30076E090 /* TheoPrac2Tests.swift in Sources */,
			);
			runOnlyForDeploymentPostprocessing = 0;
		};
/* End PBXSourcesBuildPhase section */

/* Begin PBXTargetDependency section */
		9BEA384A1B4AD8D30076E090 /* PBXTargetDependency */ = {
			isa = PBXTargetDependency;
			target = 9BEA38321B4AD8D30076E090 /* TheoPrac2 */;
			targetProxy = 9BEA38491B4AD8D30076E090 /* PBXContainerItemProxy */;
		};
/* End PBXTargetDependency section */

/* Begin PBXVariantGroup section */
		9BEA383C1B4AD8D30076E090 /* Main.storyboard */ = {
			isa = PBXVariantGroup;
			children = (
				9BEA383D1B4AD8D30076E090 /* Base */,
			);
			name = Main.storyboard;
			sourceTree = "<group>";
		};
		9BEA38411B4AD8D30076E090 /* LaunchScreen.xib */ = {
			isa = PBXVariantGroup;
			children = (
				9BEA38421B4AD8D30076E090 /* Base */,
			);
			name = LaunchScreen.xib;
			sourceTree = "<group>";
		};
/* End PBXVariantGroup section */

/* Begin XCBuildConfiguration section */
		9BEA38501B4AD8D30076E090 /* Debug */ = {
			isa = XCBuildConfiguration;
			buildSettings = {
				ALWAYS_SEARCH_USER_PATHS = NO;
				CLANG_CXX_LANGUAGE_STANDARD = "gnu++0x";
				CLANG_CXX_LIBRARY = "libc++";
				CLANG_ENABLE_MODULES = YES;
				CLANG_ENABLE_OBJC_ARC = YES;
				CLANG_WARN_BOOL_CONVERSION = YES;
				CLANG_WARN_CONSTANT_CONVERSION = YES;
				CLANG_WARN_DIRECT_OBJC_ISA_USAGE = YES_ERROR;
				CLANG_WARN_EMPTY_BODY = YES;
				CLANG_WARN_ENUM_CONVERSION = YES;
				CLANG_WARN_INT_CONVERSION = YES;
				CLANG_WARN_OBJC_ROOT_CLASS = YES_ERROR;
				CLANG_WARN_UNREACHABLE_CODE = YES;
				CLANG_WARN__DUPLICATE_METHOD_MATCH = YES;
				"CODE_SIGN_IDENTITY[sdk=iphoneos*]" = "iPhone Developer";
				COPY_PHASE_STRIP = NO;
				DEBUG_INFORMATION_FORMAT = "dwarf-with-dsym";
				ENABLE_STRICT_OBJC_MSGSEND = YES;
				GCC_C_LANGUAGE_STANDARD = gnu99;
				GCC_DYNAMIC_NO_PIC = NO;
				GCC_NO_COMMON_BLOCKS = YES;
				GCC_OPTIMIZATION_LEVEL = 0;
				GCC_PREPROCESSOR_DEFINITIONS = (
					"DEBUG=1",
					"$(inherited)",
				);
				GCC_SYMBOLS_PRIVATE_EXTERN = NO;
				GCC_WARN_64_TO_32_BIT_CONVERSION = YES;
				GCC_WARN_ABOUT_RETURN_TYPE = YES_ERROR;
				GCC_WARN_UNDECLARED_SELECTOR = YES;
				GCC_WARN_UNINITIALIZED_AUTOS = YES_AGGRESSIVE;
				GCC_WARN_UNUSED_FUNCTION = YES;
				GCC_WARN_UNUSED_VARIABLE = YES;
				IPHONEOS_DEPLOYMENT_TARGET = 8.3;
				MTL_ENABLE_DEBUG_INFO = YES;
				ONLY_ACTIVE_ARCH = YES;
				SDKROOT = iphoneos;
				SWIFT_OPTIMIZATION_LEVEL = "-Onone";
			};
			name = Debug;
		};
		9BEA38511B4AD8D30076E090 /* Release */ = {
			isa = XCBuildConfiguration;
			buildSettings = {
				ALWAYS_SEARCH_USER_PATHS = NO;
				CLANG_CXX_LANGUAGE_STANDARD = "gnu++0x";
				CLANG_CXX_LIBRARY = "libc++";
				CLANG_ENABLE_MODULES = YES;
				CLANG_ENABLE_OBJC_ARC = YES;
				CLANG_WARN_BOOL_CONVERSION = YES;
				CLANG_WARN_CONSTANT_CONVERSION = YES;
				CLANG_WARN_DIRECT_OBJC_ISA_USAGE = YES_ERROR;
				CLANG_WARN_EMPTY_BODY = YES;
				CLANG_WARN_ENUM_CONVERSION = YES;
				CLANG_WARN_INT_CONVERSION = YES;
				CLANG_WARN_OBJC_ROOT_CLASS = YES_ERROR;
				CLANG_WARN_UNREACHABLE_CODE = YES;
				CLANG_WARN__DUPLICATE_METHOD_MATCH = YES;
				"CODE_SIGN_IDENTITY[sdk=iphoneos*]" = "iPhone Developer";
				COPY_PHASE_STRIP = NO;
				DEBUG_INFORMATION_FORMAT = "dwarf-with-dsym";
				ENABLE_NS_ASSERTIONS = NO;
				ENABLE_STRICT_OBJC_MSGSEND = YES;
				GCC_C_LANGUAGE_STANDARD = gnu99;
				GCC_NO_COMMON_BLOCKS = YES;
				GCC_WARN_64_TO_32_BIT_CONVERSION = YES;
				GCC_WARN_ABOUT_RETURN_TYPE = YES_ERROR;
				GCC_WARN_UNDECLARED_SELECTOR = YES;
				GCC_WARN_UNINITIALIZED_AUTOS = YES_AGGRESSIVE;
				GCC_WARN_UNUSED_FUNCTION = YES;
				GCC_WARN_UNUSED_VARIABLE = YES;
				IPHONEOS_DEPLOYMENT_TARGET = 8.3;
				MTL_ENABLE_DEBUG_INFO = NO;
				SDKROOT = iphoneos;
				VALIDATE_PRODUCT = YES;
			};
			name = Release;
		};
		9BEA38531B4AD8D30076E090 /* Debug */ = {
			isa = XCBuildConfiguration;
			buildSettings = {
				ASSETCATALOG_COMPILER_APPICON_NAME = AppIcon;
				INFOPLIST_FILE = TheoPrac2/Info.plist;
				LD_RUNPATH_SEARCH_PATHS = "$(inherited) @executable_path/Frameworks";
				PRODUCT_NAME = "$(TARGET_NAME)";
			};
			name = Debug;
		};
		9BEA38541B4AD8D30076E090 /* Release */ = {
			isa = XCBuildConfiguration;
			buildSettings = {
				ASSETCATALOG_COMPILER_APPICON_NAME = AppIcon;
				INFOPLIST_FILE = TheoPrac2/Info.plist;
				LD_RUNPATH_SEARCH_PATHS = "$(inherited) @executable_path/Frameworks";
				PRODUCT_NAME = "$(TARGET_NAME)";
			};
			name = Release;
		};
		9BEA38561B4AD8D30076E090 /* Debug */ = {
			isa = XCBuildConfiguration;
			buildSettings = {
				BUNDLE_LOADER = "$(TEST_HOST)";
				FRAMEWORK_SEARCH_PATHS = (
					"$(SDKROOT)/Developer/Library/Frameworks",
					"$(inherited)",
				);
				GCC_PREPROCESSOR_DEFINITIONS = (
					"DEBUG=1",
					"$(inherited)",
				);
				INFOPLIST_FILE = TheoPrac2Tests/Info.plist;
				LD_RUNPATH_SEARCH_PATHS = "$(inherited) @executable_path/Frameworks @loader_path/Frameworks";
				PRODUCT_NAME = "$(TARGET_NAME)";
				TEST_HOST = "$(BUILT_PRODUCTS_DIR)/TheoPrac2.app/TheoPrac2";
			};
			name = Debug;
		};
		9BEA38571B4AD8D30076E090 /* Release */ = {
			isa = XCBuildConfiguration;
			buildSettings = {
				BUNDLE_LOADER = "$(TEST_HOST)";
				FRAMEWORK_SEARCH_PATHS = (
					"$(SDKROOT)/Developer/Library/Frameworks",
					"$(inherited)",
				);
				INFOPLIST_FILE = TheoPrac2Tests/Info.plist;
				LD_RUNPATH_SEARCH_PATHS = "$(inherited) @executable_path/Frameworks @loader_path/Frameworks";
				PRODUCT_NAME = "$(TARGET_NAME)";
				TEST_HOST = "$(BUILT_PRODUCTS_DIR)/TheoPrac2.app/TheoPrac2";
			};
			name = Release;
		};
/* End XCBuildConfiguration section */

/* Begin XCConfigurationList section */
		9BEA382E1B4AD8D30076E090 /* Build configuration list for PBXProject "TheoPrac2" */ = {
			isa = XCConfigurationList;
			buildConfigurations = (
				9BEA38501B4AD8D30076E090 /* Debug */,
				9BEA38511B4AD8D30076E090 /* Release */,
			);
			defaultConfigurationIsVisible = 0;
			defaultConfigurationName = Release;
		};
		9BEA38521B4AD8D30076E090 /* Build configuration list for PBXNativeTarget "TheoPrac2" */ = {
			isa = XCConfigurationList;
			buildConfigurations = (
				9BEA38531B4AD8D30076E090 /* Debug */,
				9BEA38541B4AD8D30076E090 /* Release */,
			);
			defaultConfigurationIsVisible = 0;
		};
		9BEA38551B4AD8D30076E090 /* Build configuration list for PBXNativeTarget "TheoPrac2Tests" */ = {
			isa = XCConfigurationList;
			buildConfigurations = (
				9BEA38561B4AD8D30076E090 /* Debug */,
				9BEA38571B4AD8D30076E090 /* Release */,
			);
			defaultConfigurationIsVisible = 0;
		};
/* End XCConfigurationList section */
	};
	rootObject = 9BEA382B1B4AD8D30076E090 /* Project object */;
}
